
Microsoft Visual Studio Solution File, Format Version 12.00
# Visual Studio Version 16
VisualStudioVersion = 16.0.31729.503
MinimumVisualStudioVersion = 10.0.40219.1
Project("{FAE04EC0-301F-11D3-BF4B-00C04F79EFBC}") = "Graf-Pract", "Graf-Pract.csproj", "{43CB4CEA-CD56-4B6B-9977-42904F36A3D5}"
EndProject
Global
	GlobalSection(SolutionConfigurationPlatforms) = preSolution
		Debug|Any CPU = Debug|Any CPU
		Release|Any CPU = Release|Any CPU
	EndGlobalSection
	GlobalSection(ProjectConfigurationPlatforms) = postSolution
		{43CB4CEA-CD56-4B6B-9977-42904F36A3D5}.Debug|Any CPU.ActiveCfg = Debug|Any CPU
		{43CB4CEA-CD56-4B6B-9977-42904F36A3D5}.Debug|Any CPU.Build.0 = Debug|Any CPU
		{43CB4CEA-CD56-4B6B-9977-42904F36A3D5}.Release|Any CPU.ActiveCfg = Release|Any CPU
		{43CB4CEA-CD56-4B6B-9977-42904F36A3D5}.Release|Any CPU.Build.0 = Release|Any CPU
	EndGlobalSection
	GlobalSection(SolutionProperties) = preSolution
		HideSolutionNode = FALSE
	EndGlobalSection
	GlobalSection(ExtensibilityGlobals) = postSolution
		SolutionGuid = {3886F76D-5E43-4372-9D3E-C1F3AB7FC383}
	EndGlobalSection
EndGlobal
